// !$*UTF8*$!
{
	archiveVersion = 1;
	classes = {
	};
	objectVersion = 48;
	objects = {

/* Begin PBXBuildFile section */
		DE4F78F91FECE573001C9B39 /* AppDelegate.m in Sources */ = {isa = PBXBuildFile; fileRef = DE4F78F81FECE573001C9B39 /* AppDelegate.m */; };
		DE4F78FC1FECE573001C9B39 /* ViewController.m in Sources */ = {isa = PBXBuildFile; fileRef = DE4F78FB1FECE573001C9B39 /* ViewController.m */; };
		DE4F79011FECE573001C9B39 /* Assets.xcassets in Resources */ = {isa = PBXBuildFile; fileRef = DE4F79001FECE573001C9B39 /* Assets.xcassets */; };
		DE4F79071FECE573001C9B39 /* main.m in Sources */ = {isa = PBXBuildFile; fileRef = DE4F79061FECE573001C9B39 /* main.m */; };
		DEEC57AF236BD5AB006A8E13 /* WKWebViewController.m in Sources */ = {isa = PBXBuildFile; fileRef = DEEC57AD236BD5AB006A8E13 /* WKWebViewController.m */; };
		DEEC57B32372B018006A8E13 /* WKWebViewController.bundle in Resources */ = {isa = PBXBuildFile; fileRef = DEEC57B22372B018006A8E13 /* WKWebViewController.bundle */; };
		DEEC57B52372DA1E006A8E13 /* icon_nav_close@2x.png in Resources */ = {isa = PBXBuildFile; fileRef = DEEC57B42372DA1E006A8E13 /* icon_nav_close@2x.png */; };
		DEEC57C02372ECBC006A8E13 /* network_error.html in Resources */ = {isa = PBXBuildFile; fileRef = DEEC57BF2372ECBC006A8E13 /* network_error.html */; };
		FC0B536B2352D1F5004D899F /* LaunchScreen.storyboard in Resources */ = {isa = PBXBuildFile; fileRef = FC0B536A2352D1F5004D899F /* LaunchScreen.storyboard */; };
		FC0B536D2352D239004D899F /* Main.storyboard in Resources */ = {isa = PBXBuildFile; fileRef = FC0B536C2352D239004D899F /* Main.storyboard */; };
		FC39A91720026E8B000C3E49 /* WebViewController.m in Sources */ = {isa = PBXBuildFile; fileRef = FC39A91620026E8B000C3E49 /* WebViewController.m */; };
		FCA39869236F12AB00E7CC23 /* WKWebViewControllerEx.m in Sources */ = {isa = PBXBuildFile; fileRef = FCA39868236F12AB00E7CC23 /* WKWebViewControllerEx.m */; };
/* End PBXBuildFile section */

/* Begin PBXFileReference section */
		DE4F78F41FECE573001C9B39 /* testWKWebView.app */ = {isa = PBXFileReference; explicitFileType = wrapper.application; includeInIndex = 0; path = testWKWebView.app; sourceTree = BUILT_PRODUCTS_DIR; };
		DE4F78F71FECE573001C9B39 /* AppDelegate.h */ = {isa = PBXFileReference; lastKnownFileType = sourcecode.c.h; path = AppDelegate.h; sourceTree = "<group>"; };
		DE4F78F81FECE573001C9B39 /* AppDelegate.m */ = {isa = PBXFileReference; lastKnownFileType = sourcecode.c.objc; path = AppDelegate.m; sourceTree = "<group>"; };
		DE4F78FA1FECE573001C9B39 /* ViewController.h */ = {isa = PBXFileReference; lastKnownFileType = sourcecode.c.h; path = ViewController.h; sourceTree = "<group>"; };
		DE4F78FB1FECE573001C9B39 /* ViewController.m */ = {isa = PBXFileReference; lastKnownFileType = sourcecode.c.objc; path = ViewController.m; sourceTree = "<group>"; };
		DE4F79001FECE573001C9B39 /* Assets.xcassets */ = {isa = PBXFileReference; lastKnownFileType = folder.assetcatalog; path = Assets.xcassets; sourceTree = "<group>"; };
		DE4F79051FECE573001C9B39 /* Info.plist */ = {isa = PBXFileReference; lastKnownFileType = text.plist.xml; path = Info.plist; sourceTree = "<group>"; };
		DE4F79061FECE573001C9B39 /* main.m */ = {isa = PBXFileReference; lastKnownFileType = sourcecode.c.objc; path = main.m; sourceTree = "<group>"; };
		DEEC57AD236BD5AB006A8E13 /* WKWebViewController.m */ = {isa = PBXFileReference; fileEncoding = 4; lastKnownFileType = sourcecode.c.objc; path = WKWebViewController.m; sourceTree = "<group>"; };
		DEEC57AE236BD5AB006A8E13 /* WKWebViewController.h */ = {isa = PBXFileReference; fileEncoding = 4; lastKnownFileType = sourcecode.c.h; path = WKWebViewController.h; sourceTree = "<group>"; };
		DEEC57B22372B018006A8E13 /* WKWebViewController.bundle */ = {isa = PBXFileReference; lastKnownFileType = "wrapper.plug-in"; path = WKWebViewController.bundle; sourceTree = "<group>"; };
		DEEC57B42372DA1E006A8E13 /* icon_nav_close@2x.png */ = {isa = PBXFileReference; lastKnownFileType = image.png; path = "icon_nav_close@2x.png"; sourceTree = "<group>"; };
		DEEC57BF2372ECBC006A8E13 /* network_error.html */ = {isa = PBXFileReference; fileEncoding = 4; lastKnownFileType = text.html; path = network_error.html; sourceTree = "<group>"; };
		FC0B536A2352D1F5004D899F /* LaunchScreen.storyboard */ = {isa = PBXFileReference; fileEncoding = 4; lastKnownFileType = file.storyboard; path = LaunchScreen.storyboard; sourceTree = "<group>"; };
		FC0B536C2352D239004D899F /* Main.storyboard */ = {isa = PBXFileReference; fileEncoding = 4; lastKnownFileType = file.storyboard; path = Main.storyboard; sourceTree = "<group>"; };
		FC39A91420026937000C3E49 /* testWKWebView.pch */ = {isa = PBXFileReference; lastKnownFileType = sourcecode.c.h; path = testWKWebView.pch; sourceTree = "<group>"; };
		FC39A91520026E8B000C3E49 /* WebViewController.h */ = {isa = PBXFileReference; lastKnownFileType = sourcecode.c.h; path = WebViewController.h; sourceTree = "<group>"; };
		FC39A91620026E8B000C3E49 /* WebViewController.m */ = {isa = PBXFileReference; lastKnownFileType = sourcecode.c.objc; path = WebViewController.m; sourceTree = "<group>"; };
		FCA39867236F12AB00E7CC23 /* WKWebViewControllerEx.h */ = {isa = PBXFileReference; lastKnownFileType = sourcecode.c.h; path = WKWebViewControllerEx.h; sourceTree = "<group>"; };
		FCA39868236F12AB00E7CC23 /* WKWebViewControllerEx.m */ = {isa = PBXFileReference; lastKnownFileType = sourcecode.c.objc; path = WKWebViewControllerEx.m; sourceTree = "<group>"; };
/* End PBXFileReference section */

/* Begin PBXFrameworksBuildPhase section */
		DE4F78F11FECE573001C9B39 /* Frameworks */ = {
			isa = PBXFrameworksBuildPhase;
			buildActionMask = 2147483647;
			files = (
			);
			runOnlyForDeploymentPostprocessing = 0;
		};
/* End PBXFrameworksBuildPhase section */

/* Begin PBXGroup section */
		DE4F78EB1FECE573001C9B39 = {
			isa = PBXGroup;
			children = (
				DE4F78F61FECE573001C9B39 /* testWKWebView */,
				DE4F78F51FECE573001C9B39 /* Products */,
			);
			sourceTree = "<group>";
		};
		DE4F78F51FECE573001C9B39 /* Products */ = {
			isa = PBXGroup;
			children = (
				DE4F78F41FECE573001C9B39 /* testWKWebView.app */,
			);
			name = Products;
			sourceTree = "<group>";
		};
		DE4F78F61FECE573001C9B39 /* testWKWebView */ = {
			isa = PBXGroup;
			children = (
				FC0B536E2352D2B7004D899F /* Resource */,
				DE4F78F71FECE573001C9B39 /* AppDelegate.h */,
				DE4F78F81FECE573001C9B39 /* AppDelegate.m */,
				DE4F78FA1FECE573001C9B39 /* ViewController.h */,
				DE4F78FB1FECE573001C9B39 /* ViewController.m */,
				FC39A91520026E8B000C3E49 /* WebViewController.h */,
				FC39A91620026E8B000C3E49 /* WebViewController.m */,
				FC0B536A2352D1F5004D899F /* LaunchScreen.storyboard */,
				FC0B536C2352D239004D899F /* Main.storyboard */,
				DEEC57AC236BD5AB006A8E13 /* WKWebViewController */,
				DE4F79001FECE573001C9B39 /* Assets.xcassets */,
				DE4F79051FECE573001C9B39 /* Info.plist */,
				DE4F79061FECE573001C9B39 /* main.m */,
				FC39A91420026937000C3E49 /* testWKWebView.pch */,
			);
			path = testWKWebView;
			sourceTree = "<group>";
		};
		DEEC57AC236BD5AB006A8E13 /* WKWebViewController */ = {
			isa = PBXGroup;
			children = (
				DEEC57B22372B018006A8E13 /* WKWebViewController.bundle */,
				DEEC57AE236BD5AB006A8E13 /* WKWebViewController.h */,
				DEEC57AD236BD5AB006A8E13 /* WKWebViewController.m */,
				FCA39867236F12AB00E7CC23 /* WKWebViewControllerEx.h */,
				FCA39868236F12AB00E7CC23 /* WKWebViewControllerEx.m */,
			);
			name = WKWebViewController;
			path = ../../WKWebViewController;
			sourceTree = "<group>";
		};
		FC0B536E2352D2B7004D899F /* Resource */ = {
			isa = PBXGroup;
			children = (
				DEEC57B42372DA1E006A8E13 /* icon_nav_close@2x.png */,
				DEEC57BF2372ECBC006A8E13 /* network_error.html */,
			);
			path = Resource;
			sourceTree = "<group>";
		};
/* End PBXGroup section */

/* Begin PBXNativeTarget section */
		DE4F78F31FECE573001C9B39 /* testWKWebView */ = {
			isa = PBXNativeTarget;
			buildConfigurationList = DE4F790A1FECE573001C9B39 /* Build configuration list for PBXNativeTarget "testWKWebView" */;
			buildPhases = (
				DE4F78F01FECE573001C9B39 /* Sources */,
				DE4F78F11FECE573001C9B39 /* Frameworks */,
				DE4F78F21FECE573001C9B39 /* Resources */,
			);
			buildRules = (
			);
			dependencies = (
			);
			name = testWKWebView;
			productName = testWKWebView;
			productReference = DE4F78F41FECE573001C9B39 /* testWKWebView.app */;
			productType = "com.apple.product-type.application";
		};
/* End PBXNativeTarget section */

/* Begin PBXProject section */
		DE4F78EC1FECE573001C9B39 /* Project object */ = {
			isa = PBXProject;
			attributes = {
				LastUpgradeCheck = 0920;
				ORGANIZATIONNAME = hoojack;
				TargetAttributes = {
					DE4F78F31FECE573001C9B39 = {
						CreatedOnToolsVersion = 9.2;
						ProvisioningStyle = Manual;
					};
				};
			};
			buildConfigurationList = DE4F78EF1FECE573001C9B39 /* Build configuration list for PBXProject "testWKWebView" */;
			compatibilityVersion = "Xcode 8.0";
			developmentRegion = en;
			hasScannedForEncodings = 0;
			knownRegions = (
				en,
			);
			mainGroup = DE4F78EB1FECE573001C9B39;
			productRefGroup = DE4F78F51FECE573001C9B39 /* Products */;
			projectDirPath = "";
			projectRoot = "";
			targets = (
				DE4F78F31FECE573001C9B39 /* testWKWebView */,
			);
		};
/* End PBXProject section */

/* Begin PBXResourcesBuildPhase section */
		DE4F78F21FECE573001C9B39 /* Resources */ = {
			isa = PBXResourcesBuildPhase;
			buildActionMask = 2147483647;
			files = (
				DEEC57C02372ECBC006A8E13 /* network_error.html in Resources */,
				DEEC57B32372B018006A8E13 /* WKWebViewController.bundle in Resources */,
				FC0B536B2352D1F5004D899F /* LaunchScreen.storyboard in Resources */,
				DEEC57B52372DA1E006A8E13 /* icon_nav_close@2x.png in Resources */,
				DE4F79011FECE573001C9B39 /* Assets.xcassets in Resources */,
				FC0B536D2352D239004D899F /* Main.storyboard in Resources */,
			);
			runOnlyForDeploymentPostprocessing = 0;
		};
/* End PBXResourcesBuildPhase section */

/* Begin PBXSourcesBuildPhase section */
		DE4F78F01FECE573001C9B39 /* Sources */ = {
			isa = PBXSourcesBuildPhase;
			buildActionMask = 2147483647;
			files = (
				FCA39869236F12AB00E7CC23 /* WKWebViewControllerEx.m in Sources */,
				DEEC57AF236BD5AB006A8E13 /* WKWebViewController.m in Sources */,
				DE4F78FC1FECE573001C9B39 /* ViewController.m in Sources */,
				FC39A91720026E8B000C3E49 /* WebViewController.m in Sources */,
				DE4F79071FECE573001C9B39 /* main.m in Sources */,
				DE4F78F91FECE573001C9B39 /* AppDelegate.m in Sources */,
			);
			runOnlyForDeploymentPostprocessing = 0;
		};
/* End PBXSourcesBuildPhase section */

/* Begin XCBuildConfiguration section */
		DE4F79081FECE573001C9B39 /* Debug */ = {
			isa = XCBuildConfiguration;
			buildSettings = {
				ALWAYS_SEARCH_USER_PATHS = NO;
				CLANG_ANALYZER_LOCALIZABILITY_NONLOCALIZED = YES;
				CLANG_ANALYZER_NONNULL = YES;
				CLANG_ANALYZER_NUMBER_OBJECT_CONVERSION = YES_AGGRESSIVE;
				CLANG_CXX_LANGUAGE_STANDARD = "gnu++14";
				CLANG_CXX_LIBRARY = "libc++";
				CLANG_ENABLE_MODULES = YES;
				CLANG_ENABLE_OBJC_ARC = YES;
				CLANG_WARN_BLOCK_CAPTURE_AUTORELEASING = YES;
				CLANG_WARN_BOOL_CONVERSION = YES;
				CLANG_WARN_COMMA = YES;
				CLANG_WARN_CONSTANT_CONVERSION = YES;
				CLANG_WARN_DIRECT_OBJC_ISA_USAGE = YES_ERROR;
				CLANG_WARN_DOCUMENTATION_COMMENTS = YES;
				CLANG_WARN_EMPTY_BODY = YES;
				CLANG_WARN_ENUM_CONVERSION = YES;
				CLANG_WARN_INFINITE_RECURSION = YES;
				CLANG_WARN_INT_CONVERSION = YES;
				CLANG_WARN_NON_LITERAL_NULL_CONVERSION = YES;
				CLANG_WARN_OBJC_LITERAL_CONVERSION = YES;
				CLANG_WARN_OBJC_ROOT_CLASS = YES_ERROR;
				CLANG_WARN_RANGE_LOOP_ANALYSIS = YES;
				CLANG_WARN_STRICT_PROTOTYPES = YES;
				CLANG_WARN_SUSPICIOUS_MOVE = YES;
				CLANG_WARN_UNGUARDED_AVAILABILITY = YES_AGGRESSIVE;
				CLANG_WARN_UNREACHABLE_CODE = YES;
				CLANG_WARN__DUPLICATE_METHOD_MATCH = YES;
				CODE_SIGN_IDENTITY = "iPhone Developer";
				COPY_PHASE_STRIP = NO;
				DEBUG_INFORMATION_FORMAT = dwarf;
				ENABLE_STRICT_OBJC_MSGSEND = YES;
				ENABLE_TESTABILITY = YES;
				GCC_C_LANGUAGE_STANDARD = gnu11;
				GCC_DYNAMIC_NO_PIC = NO;
				GCC_NO_COMMON_BLOCKS = YES;
				GCC_OPTIMIZATION_LEVEL = 0;
				GCC_PREPROCESSOR_DEFINITIONS = (
					"DEBUG=1",
					"$(inherited)",
				);
				GCC_WARN_64_TO_32_BIT_CONVERSION = YES;
				GCC_WARN_ABOUT_RETURN_TYPE = YES_ERROR;
				GCC_WARN_UNDECLARED_SELECTOR = YES;
				GCC_WARN_UNINITIALIZED_AUTOS = YES_AGGRESSIVE;
				GCC_WARN_UNUSED_FUNCTION = YES;
				GCC_WARN_UNUSED_VARIABLE = YES;
				IPHONEOS_DEPLOYMENT_TARGET = 8.0;
				MTL_ENABLE_DEBUG_INFO = YES;
				ONLY_ACTIVE_ARCH = YES;
				SDKROOT = iphoneos;
			};
			name = Debug;
		};
		DE4F79091FECE573001C9B39 /* Release */ = {
			isa = XCBuildConfiguration;
			buildSettings = {
				ALWAYS_SEARCH_USER_PATHS = NO;
				CLANG_ANALYZER_LOCALIZABILITY_NONLOCALIZED = YES;
				CLANG_ANALYZER_NONNULL = YES;
				CLANG_ANALYZER_NUMBER_OBJECT_CONVERSION = YES_AGGRESSIVE;
				CLANG_CXX_LANGUAGE_STANDARD = "gnu++14";
				CLANG_CXX_LIBRARY = "libc++";
				CLANG_ENABLE_MODULES = YES;
				CLANG_ENABLE_OBJC_ARC = YES;
				CLANG_WARN_BLOCK_CAPTURE_AUTORELEASING = YES;
				CLANG_WARN_BOOL_CONVERSION = YES;
				CLANG_WARN_COMMA = YES;
				CLANG_WARN_CONSTANT_CONVERSION = YES;
				CLANG_WARN_DIRECT_OBJC_ISA_USAGE = YES_ERROR;
				CLANG_WARN_DOCUMENTATION_COMMENTS = YES;
				CLANG_WARN_EMPTY_BODY = YES;
				CLANG_WARN_ENUM_CONVERSION = YES;
				CLANG_WARN_INFINITE_RECURSION = YES;
				CLANG_WARN_INT_CONVERSION = YES;
				CLANG_WARN_NON_LITERAL_NULL_CONVERSION = YES;
				CLANG_WARN_OBJC_LITERAL_CONVERSION = YES;
				CLANG_WARN_OBJC_ROOT_CLASS = YES_ERROR;
				CLANG_WARN_RANGE_LOOP_ANALYSIS = YES;
				CLANG_WARN_STRICT_PROTOTYPES = YES;
				CLANG_WARN_SUSPICIOUS_MOVE = YES;
				CLANG_WARN_UNGUARDED_AVAILABILITY = YES_AGGRESSIVE;
				CLANG_WARN_UNREACHABLE_CODE = YES;
				CLANG_WARN__DUPLICATE_METHOD_MATCH = YES;
				CODE_SIGN_IDENTITY = "iPhone Developer";
				COPY_PHASE_STRIP = NO;
				DEBUG_INFORMATION_FORMAT = "dwarf-with-dsym";
				ENABLE_NS_ASSERTIONS = NO;
				ENABLE_STRICT_OBJC_MSGSEND = YES;
				GCC_C_LANGUAGE_STANDARD = gnu11;
				GCC_NO_COMMON_BLOCKS = YES;
				GCC_WARN_64_TO_32_BIT_CONVERSION = YES;
				GCC_WARN_ABOUT_RETURN_TYPE = YES_ERROR;
				GCC_WARN_UNDECLARED_SELECTOR = YES;
				GCC_WARN_UNINITIALIZED_AUTOS = YES_AGGRESSIVE;
				GCC_WARN_UNUSED_FUNCTION = YES;
				GCC_WARN_UNUSED_VARIABLE = YES;
				IPHONEOS_DEPLOYMENT_TARGET = 8.0;
				MTL_ENABLE_DEBUG_INFO = NO;
				SDKROOT = iphoneos;
				VALIDATE_PRODUCT = YES;
			};
			name = Release;
		};
		DE4F790B1FECE573001C9B39 /* Debug */ = {
			isa = XCBuildConfiguration;
			buildSettings = {
				ASSETCATALOG_COMPILER_APPICON_NAME = AppIcon;
				CODE_SIGN_STYLE = Manual;
				DEVELOPMENT_TEAM = "";
				GCC_PREFIX_HEADER = "$(SRCROOT)/$(TARGETNAME)/testWKWebView.pch";
				INFOPLIST_FILE = testWKWebView/Info.plist;
				LD_RUNPATH_SEARCH_PATHS = "$(inherited) @executable_path/Frameworks";
				PRODUCT_BUNDLE_IDENTIFIER = com.hoojack.testWKWebView;
				PRODUCT_NAME = "$(TARGET_NAME)";
				PROVISIONING_PROFILE_SPECIFIER = "";
				TARGETED_DEVICE_FAMILY = 1;
			};
			name = Debug;
		};
		DE4F790C1FECE573001C9B39 /* Release */ = {
			isa = XCBuildConfiguration;
			buildSettings = {
				ASSETCATALOG_COMPILER_APPICON_NAME = AppIcon;
				CODE_SIGN_STYLE = Manual;
				DEVELOPMENT_TEAM = "";
				GCC_PREFIX_HEADER = "$(SRCROOT)/$(TARGETNAME)/testWKWebView.pch";
				INFOPLIST_FILE = testWKWebView/Info.plist;
				LD_RUNPATH_SEARCH_PATHS = "$(inherited) @executable_path/Frameworks";
				PRODUCT_BUNDLE_IDENTIFIER = com.hoojack.testWKWebView;
				PRODUCT_NAME = "$(TARGET_NAME)";
				PROVISIONING_PROFILE_SPECIFIER = "";
				TARGETED_DEVICE_FAMILY = 1;
			};
			name = Release;
		};
/* End XCBuildConfiguration section */

/* Begin XCConfigurationList section */
		DE4F78EF1FECE573001C9B39 /* Build configuration list for PBXProject "testWKWebView" */ = {
			isa = XCConfigurationList;
			buildConfigurations = (
				DE4F79081FECE573001C9B39 /* Debug */,
				DE4F79091FECE573001C9B39 /* Release */,
			);
			defaultConfigurationIsVisible = 0;
			defaultConfigurationName = Release;
		};
		DE4F790A1FECE573001C9B39 /* Build configuration list for PBXNativeTarget "testWKWebView" */ = {
			isa = XCConfigurationList;
			buildConfigurations = (
				DE4F790B1FECE573001C9B39 /* Debug */,
				DE4F790C1FECE573001C9B39 /* Release */,
			);
			defaultConfigurationIsVisible = 0;
			defaultConfigurationName = Release;
		};
/* End XCConfigurationList section */
	};
	rootObject = DE4F78EC1FECE573001C9B39 /* Project object */;
}
